# This file is generated by `zrail update`; do not edit by hand.
schema = 1
semantics = 1
producer = "0.0.1"
contract_sha256 = "eb9d0036c9e2ca7de757de4a8dd0f0d616577119a92ca7aaab8bb735347c5ae6"
ratchet = []

[[package]]
name = "testctl"

[[package.dependency]]
alias = "clap"
name = "clap"
kind = "normal"
scope = "external"
optional = false
default_features = true
features = ["derive"]

[package.dependency.source]
kind = "registry"
requirement = "4.5"

[[package.dependency]]
alias = "hex"
name = "hex"
kind = "normal"
scope = "external"
optional = false
default_features = true

[package.dependency.source]
kind = "registry"
requirement = "0.4"

[[package.dependency]]
alias = "serde"
name = "serde"
kind = "normal"
scope = "external"
optional = false
default_features = true
features = ["derive"]

[package.dependency.source]
kind = "registry"
requirement = "1.0"

[[package.dependency]]
alias = "serde_json"
name = "serde_json"
kind = "normal"
scope = "external"
optional = false
default_features = true

[package.dependency.source]
kind = "registry"
requirement = "1.0"

[[package.dependency]]
alias = "sha2"
name = "sha2"
kind = "normal"
scope = "external"
optional = false
default_features = true

[package.dependency.source]
kind = "registry"
requirement = "0.10"

[[package.dependency]]
alias = "testlab-broker"
name = "testlab-broker"
crate_root = "testlab_broker"
kind = "normal"
scope = "internal"
optional = false
default_features = true

[package.dependency.source]
kind = "workspace-member"
directory = "crates/testlab-broker"
requirement = "0.1.0"

[[package.dependency]]
alias = "testlab-environment"
name = "testlab-environment"
crate_root = "testlab_environment"
kind = "normal"
scope = "internal"
optional = false
default_features = true

[package.dependency.source]
kind = "workspace-member"
directory = "crates/testlab-environment"
requirement = "0.1.0"

[[package.dependency]]
alias = "testlab-schema"
name = "testlab-schema"
crate_root = "testlab_schema"
kind = "normal"
scope = "internal"
optional = false
default_features = true

[package.dependency.source]
kind = "workspace-member"
directory = "crates/testlab-schema"
requirement = "0.1.0"

[[package.dependency]]
alias = "testlab-verifier"
name = "testlab-verifier"
crate_root = "testlab_verifier"
kind = "normal"
scope = "internal"
optional = false
default_features = true

[package.dependency.source]
kind = "workspace-member"
directory = "crates/testlab-verifier"
requirement = "0.1.0"

[[package.dependency]]
alias = "thiserror"
name = "thiserror"
kind = "normal"
scope = "external"
optional = false
default_features = true

[package.dependency.source]
kind = "registry"
requirement = "2.0"

[[package.dependency]]
alias = "toml"
name = "toml"
kind = "normal"
scope = "external"
optional = false
default_features = true

[package.dependency.source]
kind = "registry"
requirement = "0.8"

[[package]]
name = "testlab-broker"

[[package.dependency]]
alias = "serde"
name = "serde"
kind = "normal"
scope = "external"
optional = false
default_features = true
features = ["derive"]

[package.dependency.source]
kind = "registry"
requirement = "1.0"

[[package.dependency]]
alias = "serde_json"
name = "serde_json"
kind = "normal"
scope = "external"
optional = false
default_features = true

[package.dependency.source]
kind = "registry"
requirement = "1.0"

[[package.dependency]]
alias = "testlab-schema"
name = "testlab-schema"
crate_root = "testlab_schema"
kind = "normal"
scope = "internal"
optional = false
default_features = true

[package.dependency.source]
kind = "workspace-member"
directory = "crates/testlab-schema"
requirement = "0.1.0"

[[package.dependency]]
alias = "thiserror"
name = "thiserror"
kind = "normal"
scope = "external"
optional = false
default_features = true

[package.dependency.source]
kind = "registry"
requirement = "2.0"

[[package]]
name = "testlab-environment"

[[package.dependency]]
alias = "futures-executor"
name = "futures-executor"
kind = "normal"
scope = "external"
optional = false
default_features = true

[package.dependency.source]
kind = "registry"
requirement = "=0.3.34"

[[package.dependency]]
alias = "hex"
name = "hex"
kind = "normal"
scope = "external"
optional = false
default_features = true

[package.dependency.source]
kind = "registry"
requirement = "0.4"

[[package.dependency]]
alias = "rdkafka"
name = "rdkafka"
kind = "normal"
scope = "external"
optional = false
default_features = false
features = [
    "cmake-build",
    "naive-runtime",
    "ssl-vendored",
]

[package.dependency.source]
kind = "registry"
requirement = "=0.39.0"

[[package.dependency]]
alias = "testlab-schema"
name = "testlab-schema"
crate_root = "testlab_schema"
kind = "normal"
scope = "internal"
optional = false
default_features = true

[package.dependency.source]
kind = "workspace-member"
directory = "crates/testlab-schema"
requirement = "0.1.0"

[[package.dependency]]
alias = "thiserror"
name = "thiserror"
kind = "normal"
scope = "external"
optional = false
default_features = true

[package.dependency.source]
kind = "registry"
requirement = "2.0"

[[package.dependency]]
alias = "toml"
name = "toml"
kind = "development"
scope = "external"
optional = false
default_features = true

[package.dependency.source]
kind = "registry"
requirement = "0.8"

[[package]]
name = "testlab-kafkars-adapter"

[[package.dependency]]
alias = "kafkars"
name = "kafkars"
kind = "normal"
scope = "external"
optional = false
default_features = true

[package.dependency.source]
kind = "registry"
requirement = "=0.0.1"

[[package.dependency]]
alias = "serde_json"
name = "serde_json"
kind = "normal"
scope = "external"
optional = false
default_features = true

[package.dependency.source]
kind = "registry"
requirement = "1.0"

[[package.dependency]]
alias = "testlab-schema"
name = "testlab-schema"
crate_root = "testlab_schema"
kind = "normal"
scope = "internal"
optional = false
default_features = true

[package.dependency.source]
kind = "workspace-member"
directory = "crates/testlab-schema"
requirement = "0.1.0"

[[package.dependency]]
alias = "thiserror"
name = "thiserror"
kind = "normal"
scope = "external"
optional = false
default_features = true

[package.dependency.source]
kind = "registry"
requirement = "2.0"

[[package]]
name = "testlab-reference-adapter"

[[package.dependency]]
alias = "serde_json"
name = "serde_json"
kind = "normal"
scope = "external"
optional = false
default_features = true

[package.dependency.source]
kind = "registry"
requirement = "1.0"

[[package.dependency]]
alias = "testlab-broker"
name = "testlab-broker"
crate_root = "testlab_broker"
kind = "normal"
scope = "internal"
optional = false
default_features = true

[package.dependency.source]
kind = "workspace-member"
directory = "crates/testlab-broker"
requirement = "0.1.0"

[[package.dependency]]
alias = "testlab-schema"
name = "testlab-schema"
crate_root = "testlab_schema"
kind = "normal"
scope = "internal"
optional = false
default_features = true

[package.dependency.source]
kind = "workspace-member"
directory = "crates/testlab-schema"
requirement = "0.1.0"

[[package.dependency]]
alias = "thiserror"
name = "thiserror"
kind = "normal"
scope = "external"
optional = false
default_features = true

[package.dependency.source]
kind = "registry"
requirement = "2.0"

[[package]]
name = "testlab-schema"

[[package.dependency]]
alias = "hex"
name = "hex"
kind = "normal"
scope = "external"
optional = false
default_features = true

[package.dependency.source]
kind = "registry"
requirement = "0.4"

[[package.dependency]]
alias = "serde"
name = "serde"
kind = "normal"
scope = "external"
optional = false
default_features = true
features = ["derive"]

[package.dependency.source]
kind = "registry"
requirement = "1.0"

[[package.dependency]]
alias = "sha2"
name = "sha2"
kind = "normal"
scope = "external"
optional = false
default_features = true

[package.dependency.source]
kind = "registry"
requirement = "0.10"

[[package.dependency]]
alias = "thiserror"
name = "thiserror"
kind = "normal"
scope = "external"
optional = false
default_features = true

[package.dependency.source]
kind = "registry"
requirement = "2.0"

[[package.dependency]]
alias = "toml"
name = "toml"
kind = "development"
scope = "external"
optional = false
default_features = true

[package.dependency.source]
kind = "registry"
requirement = "0.8"

[[package]]
name = "testlab-verifier"

[[package.dependency]]
alias = "testlab-schema"
name = "testlab-schema"
crate_root = "testlab_schema"
kind = "normal"
scope = "internal"
optional = false
default_features = true

[package.dependency.source]
kind = "workspace-member"
directory = "crates/testlab-schema"
requirement = "0.1.0"

[[gate]]
name = "check"
path = "scripts/check"
sha256 = "63da380a7c5ce61fc95819597daf56593794e28eec869c2eb398b7827093c71f"

[[gate.input]]
path = "Cargo.lock"
sha256 = "501017f75af05dc4f357589d3d51b767f3e4bec0e5901a42b234051321e74aac"

[[gate.input]]
path = "Cargo.toml"
sha256 = "3814f8908271be93ab73f935eb30fd0812a3a01c86cd734a1ecbe5809c689dee"

[[gate.input]]
path = "action.yml"
sha256 = "5232fd24d184581f7729143b3a3d82389849b401f5eeeb3a79c7083689eb2a58"

[[gate.input]]
path = "clippy.toml"
sha256 = "04c92e3dce7f76bb0340dfce281fe1eb2956cc5dcf1223b3b11bed683c946dd4"

[[gate.input]]
path = "clusters/apache-kafka/3.7.2/single-plaintext.toml"
sha256 = "6fe9b2922903a3e510a179dd00a428b719d2d60db20b968b7b9064fd8246bdb2"

[[gate.input]]
path = "clusters/apache-kafka/3.8.1/single-plaintext.toml"
sha256 = "61e23485c95896134b19d280d410345db0e3b90daf087da6f3e1c7f8a59fc828"

[[gate.input]]
path = "clusters/apache-kafka/3.9.2/single-plaintext.toml"
sha256 = "80d6d2eca54fd63d292a32d3b3b99e51e4a4ad224ab77f8a83d15d1a40db2da5"

[[gate.input]]
path = "clusters/apache-kafka/4.0.2/single-plaintext.toml"
sha256 = "f925e94a41b31d596df8c691cf9ab7f55a0b1b830bbea352fb92b6a27144878b"

[[gate.input]]
path = "clusters/apache-kafka/4.1.2/single-plaintext.toml"
sha256 = "1dba25d55b3863aa7c90ab291dca59c639fd1f673e851a9191f67aa3fdc39798"

[[gate.input]]
path = "clusters/apache-kafka/4.2.1/single-plaintext.toml"
sha256 = "02b6f6da1603222e69c57c6927bd3aadef89f821aea5411466e54d7b6bf90812"

[[gate.input]]
path = "clusters/apache-kafka/4.3.1/single-plaintext.toml"
sha256 = "db96547ca9b12a429083285c078f88c7bb3fac284b7274237309683169931c3f"

[[gate.input]]
path = "clusters/apache-kafka/4.3.1/single-sasl-plain.toml"
sha256 = "f23ac244926ce46e0151940319c00d0bcdc275058101b4d1a2002dbc70391834"

[[gate.input]]
path = "clusters/apache-kafka/4.3.1/single-scram-sha-256.toml"
sha256 = "66d50b107ef1ca97d26c97d73f54f6a37a49f9869463b38b08392c3f855f3754"

[[gate.input]]
path = "clusters/apache-kafka/4.3.1/single-scram-sha-512.toml"
sha256 = "bff742fb53a0edf7c41ab210479dcc1d6ed2ab18b441067a6cfb87d617e71793"

[[gate.input]]
path = "clusters/apache-kafka/4.3.1/single-tls.toml"
sha256 = "5a699f58b5207261dfa23f8f53ebeac7ce9d1012ff109af98b29897ba7632567"

[[gate.input]]
path = "clusters/apache-kafka/4.3.1/three-plaintext.toml"
sha256 = "9871bcbd225f1bbbd95ae888b97eb2a3b8167b4110fda05455b0208d2cab61a7"

[[gate.input]]
path = "clusters/apache-kafka/4.3.1/three-sasl-plain.toml"
sha256 = "cf407efceb3ee7880e1cca60976f5702e7ad0b16c8346de4d37762f678955f8d"

[[gate.input]]
path = "clusters/apache-kafka/4.3.1/three-scram-sha-256.toml"
sha256 = "9273cc6ac956806850b2610d6a76365a52a765dc4d6bf59f30a39f904352d299"

[[gate.input]]
path = "clusters/apache-kafka/4.3.1/three-scram-sha-512.toml"
sha256 = "03c8948806fdbd98c5a1db867e1eb4bdcf666f5d623991882858eb2554df7347"

[[gate.input]]
path = "clusters/apache-kafka/4.3.1/three-tls.toml"
sha256 = "76d711ea17f84b15a9ae16821917f635504c9cef759ee5062df6a6d72d02dffe"

[[gate.input]]
path = "clusters/apache-kafka/compose/single-plaintext.yml"
sha256 = "92cd5ed118cdafc8321ad2940ec94d97207b066f804cc06e04ee45f267090e3b"

[[gate.input]]
path = "clusters/apache-kafka/compose/single-sasl.yml"
sha256 = "1089b9f54a7c9d0a0a87dc49c39f044c8da7d904d5a09cf384ea8ceefe8eb8c6"

[[gate.input]]
path = "clusters/apache-kafka/compose/single-tls.yml"
sha256 = "5a8f1f811954d5bea223500a7321d067c33280c490135084c259bf38b5c7ae9f"

[[gate.input]]
path = "clusters/apache-kafka/compose/three-plaintext.yml"
sha256 = "6b3941706694098206819e58755016d8a600f9046b3a635d8551b062a88384af"

[[gate.input]]
path = "clusters/apache-kafka/compose/three-sasl.yml"
sha256 = "7a3383458ad1ad1e16a1fe1440c90fb08d5e8995d25fb967b181631afa6eeb97"

[[gate.input]]
path = "clusters/apache-kafka/compose/three-tls.yml"
sha256 = "deb403bcdfb303a7a9b161cbda659081da768159093cc07e141d80a143520372"

[[gate.input]]
path = "clusters/model-broker.toml"
sha256 = "00f5a2e21fccb01f778960c81886300b8faa8bb59ca393cec0c41d53614b0235"

[[gate.input]]
path = "contracts/conformance.toml"
sha256 = "80025fa15528c00d19f46a065c4551adf0c882ebb92a0fc6e78b251079bddfb2"

[[gate.input]]
path = "packs/kafkars-classic.toml"
sha256 = "816caad1361fc9a750bd92fa2a0e0af58bbbc98f47d66e3c2db257d16032ee49"

[[gate.input]]
path = "packs/kafkars-pr.toml"
sha256 = "59d4fa210e07565be755eb71612bb1d27fb5cfaa244accc5b32bf6039e8caba0"

[[gate.input]]
path = "packs/kafkars-release.toml"
sha256 = "4d6d474cacd686014ca373287481ad2064bc3e00e5e65345c65e89d4543c6fd6"

[[gate.input]]
path = "packs/kafkars-three-broker.toml"
sha256 = "25616e402182083d4cd555d9557bf9028a0ed838a9f393b9b19824fe6756b3af"

[[gate.input]]
path = "packs/repository-pr.toml"
sha256 = "3676bbfceb360dfa064ad63e3f9d95d714f825f2878e421699f13c9553eda62e"

[[gate.input]]
path = "qualifications/kafkars-pr.toml"
sha256 = "48b2b5261fedf39caacff045a8440ccfa9de198bec152b1be279aabb99168ba1"

[[gate.input]]
path = "qualifications/kafkars-release.toml"
sha256 = "38eb79ebf01f06a175e1aa941ef8de07aeb23fecb1af9efa827b679ac1681077"

[[gate.input]]
path = "qualifications/repository-pr.toml"
sha256 = "49db8f0e9256bdf9cd1beeee676c9829438e6f94f63d701a2f580cf0b354e798"

[[gate.input]]
path = "rust-toolchain.toml"
sha256 = "980c9752cb40dca3265ce4e3e31de1c369b469c9837be059b806ea93fe76799d"

[[gate.input]]
path = "scenarios/kafka/admin-create-topic.toml"
sha256 = "505899c407f0ebac99f45c6bf59a208bf9a41f2e5449908cec22323b69f652a3"

[[gate.input]]
path = "scenarios/kafka/assigned-consumer-round-trip.toml"
sha256 = "870e26380a397e2477836ff6ae88b049d7178c7ffa1790bca068e43fed005230"

[[gate.input]]
path = "scenarios/kafka/classic-group-broker-restart.toml"
sha256 = "812c1e146c49ce6a676c316962465e8dcc20db96fef6cda19122e2448370aeb1"

[[gate.input]]
path = "scenarios/kafka/classic-group-round-trip.toml"
sha256 = "a65d8f261c6ae05e752537d473d5421fb884412f5cca3ea853c7c4b5b3f0f8dd"

[[gate.input]]
path = "scenarios/kafka/consumer-protocol-group-round-trip.toml"
sha256 = "33b777b568642aff9d40cdd283947e2b328e2218ce62e6a5e98b18129ab52df2"

[[gate.input]]
path = "scenarios/kafka/producer-batch.toml"
sha256 = "d9c3af126cbf1f942755c99761bf5b373fbd3b3caeb2208533bff020618a9972"

[[gate.input]]
path = "scenarios/kafka/producer-broker-restart.toml"
sha256 = "d59bb8292f21cc411b52ae95390551619c1c6d2beafbd140360e3d4973f28b9d"

[[gate.input]]
path = "scenarios/kafka/producer-partition-routing.toml"
sha256 = "179c849e78a71fa562dbd48056ddbcfa977069c24574fc7527de828c29be505e"

[[gate.input]]
path = "scenarios/kafka/producer-rolling-restart.toml"
sha256 = "d14f874f07d236820f193670bce6fb6995cf88757bacf578c778900d74deb510"

[[gate.input]]
path = "scenarios/kafka/producer-round-trip.toml"
sha256 = "342a6d4d768414c10fa3fa101de20c3cc4e4bde935cfa82c46e6b99de928af3c"

[[gate.input]]
path = "scenarios/kafka/transaction-commit-abort.toml"
sha256 = "3af71834188211c63d2f0024b5cd43e78f63bb7487cf2b905fb9d05dd68838f0"

[[gate.input]]
path = "scenarios/kafka/transaction-fencing.toml"
sha256 = "b65b27628aedb707126d82002c4fadaee300cf61cc7960765cc4d712919eb4e4"

[[gate.input]]
path = "scenarios/producer/definite-rejection.toml"
sha256 = "c125ea9fb8c60d5be26d63510b6793e041465a56b04a16e12572e881a650e72e"

[[gate.input]]
path = "scenarios/producer/lost-response.toml"
sha256 = "543f1a36499894344304ba078f92aaf34ac588044cb22bd8e37058aca5f75184"

[[gate.input]]
path = "scenarios/producer/round-trip.toml"
sha256 = "d37d0e31e5280f601cb026c52d627b7b29b485f7940da61a9fe26c4b52025ec1"

[[gate.input]]
path = "scripts/check-rust-lint"
sha256 = "f2c346453ef594f75581e3f141408ddbf8e6be6dfcaf73e2e6f36e127eeefc06"

[[gate.input]]
path = "scripts/check-rust-test"
sha256 = "b1ac52525fab2dd91c7d2250102e8193c0590f486fb39bacbe0adc4b6f23077b"

[[gate.input]]
path = "scripts/check-scenarios"
sha256 = "09440d6ce0e3b073f26db9eac1e7625e0169288ebb5e66e7ffc7e29702db4977"

[[gate.input]]
path = "scripts/portable-environment"
sha256 = "272d53c89045c5ffe977a4cc9fe47cce957ef09a6e607cafacd0e6bd836bd7f0"

[[gate.input]]
path = "scripts/qualify-kafkars-candidate"
sha256 = "b01d3fe14f697b3b7ea6c2b5e75aa7c1793f4c2342c6bdffa93b77c9299b76b4"

[[gate.input]]
path = "scripts/run-kafkars-qualification"
sha256 = "2ae6e7f210fe78f16ef123c10d797b6f1d71e0f2f61103c04d63f3e5d96787c6"

[[gate.input]]
path = "scripts/run-kafkars-release-qualification"
sha256 = "f0be00687c197de8a68ea14f44c4f852b952ff77ea20bd08aa5c836dd7f2990f"

[[gate.input]]
path = "scripts/run-reference-pack"
sha256 = "a6c9aa3efcd14d3db66233ad3b50b3bedb48cd8d943d1532d0c6de0d65369919"

[[gate.input]]
path = "scripts/run-reference-qualification"
sha256 = "d0ff3b717c9a449f60ee983ddf89a9a0a7cfe28e4c616641b58dea906215691f"

[[gate.input]]
path = "subjects/kafkars-rust.toml"
sha256 = "a9a15e46ea0d3b0e47f5ade9f9bc7df91add110723789ef215b5f46133de560b"

[[gate.input]]
path = "subjects/reference-rust.toml"
sha256 = "259691f32857de58a63ed46ff9c0ffc3318e6e1e165d7615d17b2fe50cf73db2"
