# This file is generated by `zrail update`; do not edit by hand.
schema = 1
semantics = 1
producer = "0.0.1"
contract_sha256 = "6579d9badf92d08e5807bea76fecd3e26784aeda81651ad2624786e27719c3dc"
ratchet = []

[[package]]
name = "testctl"

[[package.dependency]]
alias = "clap"
name = "clap"
kind = "normal"
scope = "external"
optional = false
default_features = true
features = ["derive"]

[package.dependency.source]
kind = "registry"
requirement = "4.5"

[[package.dependency]]
alias = "hex"
name = "hex"
kind = "normal"
scope = "external"
optional = false
default_features = true

[package.dependency.source]
kind = "registry"
requirement = "0.4"

[[package.dependency]]
alias = "serde"
name = "serde"
kind = "normal"
scope = "external"
optional = false
default_features = true
features = ["derive"]

[package.dependency.source]
kind = "registry"
requirement = "1.0"

[[package.dependency]]
alias = "serde_json"
name = "serde_json"
kind = "normal"
scope = "external"
optional = false
default_features = true

[package.dependency.source]
kind = "registry"
requirement = "1.0"

[[package.dependency]]
alias = "sha2"
name = "sha2"
kind = "normal"
scope = "external"
optional = false
default_features = true

[package.dependency.source]
kind = "registry"
requirement = "0.10"

[[package.dependency]]
alias = "testlab-broker"
name = "testlab-broker"
crate_root = "testlab_broker"
kind = "normal"
scope = "internal"
optional = false
default_features = true

[package.dependency.source]
kind = "workspace-member"
directory = "crates/testlab-broker"
requirement = "0.1.0"

[[package.dependency]]
alias = "testlab-environment"
name = "testlab-environment"
crate_root = "testlab_environment"
kind = "normal"
scope = "internal"
optional = false
default_features = true

[package.dependency.source]
kind = "workspace-member"
directory = "crates/testlab-environment"
requirement = "0.1.0"

[[package.dependency]]
alias = "testlab-schema"
name = "testlab-schema"
crate_root = "testlab_schema"
kind = "normal"
scope = "internal"
optional = false
default_features = true

[package.dependency.source]
kind = "workspace-member"
directory = "crates/testlab-schema"
requirement = "0.1.0"

[[package.dependency]]
alias = "testlab-verifier"
name = "testlab-verifier"
crate_root = "testlab_verifier"
kind = "normal"
scope = "internal"
optional = false
default_features = true

[package.dependency.source]
kind = "workspace-member"
directory = "crates/testlab-verifier"
requirement = "0.1.0"

[[package.dependency]]
alias = "thiserror"
name = "thiserror"
kind = "normal"
scope = "external"
optional = false
default_features = true

[package.dependency.source]
kind = "registry"
requirement = "2.0"

[[package.dependency]]
alias = "toml"
name = "toml"
kind = "normal"
scope = "external"
optional = false
default_features = true

[package.dependency.source]
kind = "registry"
requirement = "0.8"

[[package]]
name = "testlab-broker"

[[package.dependency]]
alias = "serde"
name = "serde"
kind = "normal"
scope = "external"
optional = false
default_features = true
features = ["derive"]

[package.dependency.source]
kind = "registry"
requirement = "1.0"

[[package.dependency]]
alias = "serde_json"
name = "serde_json"
kind = "normal"
scope = "external"
optional = false
default_features = true

[package.dependency.source]
kind = "registry"
requirement = "1.0"

[[package.dependency]]
alias = "testlab-schema"
name = "testlab-schema"
crate_root = "testlab_schema"
kind = "normal"
scope = "internal"
optional = false
default_features = true

[package.dependency.source]
kind = "workspace-member"
directory = "crates/testlab-schema"
requirement = "0.1.0"

[[package.dependency]]
alias = "thiserror"
name = "thiserror"
kind = "normal"
scope = "external"
optional = false
default_features = true

[package.dependency.source]
kind = "registry"
requirement = "2.0"

[[package]]
name = "testlab-environment"

[[package.dependency]]
alias = "bytes"
name = "bytes"
kind = "normal"
scope = "external"
optional = false
default_features = true

[package.dependency.source]
kind = "registry"
requirement = "1.10"

[[package.dependency]]
alias = "futures-executor"
name = "futures-executor"
kind = "normal"
scope = "external"
optional = false
default_features = true

[package.dependency.source]
kind = "registry"
requirement = "=0.3.34"

[[package.dependency]]
alias = "hex"
name = "hex"
kind = "normal"
scope = "external"
optional = false
default_features = true

[package.dependency.source]
kind = "registry"
requirement = "0.4"

[[package.dependency]]
alias = "kafka-wire"
name = "kafka-wire"
kind = "normal"
scope = "external"
optional = false
default_features = true

[package.dependency.source]
kind = "registry"
requirement = "=0.1.0-rc.3"

[[package.dependency]]
alias = "kafka-wire-core"
name = "kafka-wire-core"
kind = "normal"
scope = "external"
optional = false
default_features = true

[package.dependency.source]
kind = "registry"
requirement = "=0.1.0-rc.3"

[[package.dependency]]
alias = "rdkafka"
name = "rdkafka"
kind = "normal"
scope = "external"
optional = false
default_features = false
features = [
    "cmake-build",
    "libz-static",
    "naive-runtime",
    "ssl-vendored",
    "zstd",
]

[package.dependency.source]
kind = "registry"
requirement = "=0.39.0"

[[package.dependency]]
alias = "serde"
name = "serde"
kind = "normal"
scope = "external"
optional = false
default_features = true
features = ["derive"]

[package.dependency.source]
kind = "registry"
requirement = "1.0"

[[package.dependency]]
alias = "serde_json"
name = "serde_json"
kind = "normal"
scope = "external"
optional = false
default_features = true

[package.dependency.source]
kind = "registry"
requirement = "1.0"

[[package.dependency]]
alias = "testlab-schema"
name = "testlab-schema"
crate_root = "testlab_schema"
kind = "normal"
scope = "internal"
optional = false
default_features = true

[package.dependency.source]
kind = "workspace-member"
directory = "crates/testlab-schema"
requirement = "0.1.0"

[[package.dependency]]
alias = "thiserror"
name = "thiserror"
kind = "normal"
scope = "external"
optional = false
default_features = true

[package.dependency.source]
kind = "registry"
requirement = "2.0"

[[package.dependency]]
alias = "toml"
name = "toml"
kind = "development"
scope = "external"
optional = false
default_features = true

[package.dependency.source]
kind = "registry"
requirement = "0.8"

[[package]]
name = "testlab-kafkars-adapter"

[[package.dependency]]
alias = "kafkars"
name = "kafkars"
kind = "normal"
scope = "external"
optional = false
default_features = true

[package.dependency.source]
kind = "git"
repository = "https://github.com/kafkars/kafkars.git"
rev = "e556a2f04df855c242b5befb7feceb74e0ed4426"

[[package.dependency]]
alias = "serde_json"
name = "serde_json"
kind = "normal"
scope = "external"
optional = false
default_features = true

[package.dependency.source]
kind = "registry"
requirement = "1.0"

[[package.dependency]]
alias = "testlab-schema"
name = "testlab-schema"
crate_root = "testlab_schema"
kind = "normal"
scope = "internal"
optional = false
default_features = true

[package.dependency.source]
kind = "workspace-member"
directory = "crates/testlab-schema"
requirement = "0.1.0"

[[package.dependency]]
alias = "thiserror"
name = "thiserror"
kind = "normal"
scope = "external"
optional = false
default_features = true

[package.dependency.source]
kind = "registry"
requirement = "2.0"

[[package]]
name = "testlab-reference-adapter"

[[package.dependency]]
alias = "serde_json"
name = "serde_json"
kind = "normal"
scope = "external"
optional = false
default_features = true

[package.dependency.source]
kind = "registry"
requirement = "1.0"

[[package.dependency]]
alias = "testlab-broker"
name = "testlab-broker"
crate_root = "testlab_broker"
kind = "normal"
scope = "internal"
optional = false
default_features = true

[package.dependency.source]
kind = "workspace-member"
directory = "crates/testlab-broker"
requirement = "0.1.0"

[[package.dependency]]
alias = "testlab-schema"
name = "testlab-schema"
crate_root = "testlab_schema"
kind = "normal"
scope = "internal"
optional = false
default_features = true

[package.dependency.source]
kind = "workspace-member"
directory = "crates/testlab-schema"
requirement = "0.1.0"

[[package.dependency]]
alias = "thiserror"
name = "thiserror"
kind = "normal"
scope = "external"
optional = false
default_features = true

[package.dependency.source]
kind = "registry"
requirement = "2.0"

[[package]]
name = "testlab-schema"

[[package.dependency]]
alias = "hex"
name = "hex"
kind = "normal"
scope = "external"
optional = false
default_features = true

[package.dependency.source]
kind = "registry"
requirement = "0.4"

[[package.dependency]]
alias = "serde"
name = "serde"
kind = "normal"
scope = "external"
optional = false
default_features = true
features = ["derive"]

[package.dependency.source]
kind = "registry"
requirement = "1.0"

[[package.dependency]]
alias = "serde_json"
name = "serde_json"
kind = "development"
scope = "external"
optional = false
default_features = true

[package.dependency.source]
kind = "registry"
requirement = "1.0"

[[package.dependency]]
alias = "sha2"
name = "sha2"
kind = "normal"
scope = "external"
optional = false
default_features = true

[package.dependency.source]
kind = "registry"
requirement = "0.10"

[[package.dependency]]
alias = "thiserror"
name = "thiserror"
kind = "normal"
scope = "external"
optional = false
default_features = true

[package.dependency.source]
kind = "registry"
requirement = "2.0"

[[package.dependency]]
alias = "toml"
name = "toml"
kind = "development"
scope = "external"
optional = false
default_features = true

[package.dependency.source]
kind = "registry"
requirement = "0.8"

[[package]]
name = "testlab-verifier"

[[package.dependency]]
alias = "testlab-schema"
name = "testlab-schema"
crate_root = "testlab_schema"
kind = "normal"
scope = "internal"
optional = false
default_features = true

[package.dependency.source]
kind = "workspace-member"
directory = "crates/testlab-schema"
requirement = "0.1.0"

[[package.dependency]]
alias = "toml"
name = "toml"
kind = "development"
scope = "external"
optional = false
default_features = true

[package.dependency.source]
kind = "registry"
requirement = "0.8"

[[gate]]
name = "check"
path = "zcheck.toml"
sha256 = "95613c7d551ae9d75838d4768a219ad3f38d1007e79a7d998ed0fbd04cab06b5"

[[gate.input]]
path = ".github/actions/setup-rust/action.yml"
sha256 = "c50de48aff9500b11eba05a73e36df4ff58b11f170620beff1cfe3f4b81456f4"

[[gate.input]]
path = ".github/workflows/qualification-release.yml"
sha256 = "df450572cc1dd4196e20ac258bb99fdb9c130c63aa19049911bb2b5a31061c6a"

[[gate.input]]
path = "Cargo.lock"
sha256 = "38c572da4f46830594807bbb929cf5e7445ce55958921be27404cf4890d25907"

[[gate.input]]
path = "Cargo.toml"
sha256 = "2a73e8272eecd978bed74ed22f5b78ec15054d025c3bb32369fb35df59165aca"

[[gate.input]]
path = "action.yml"
sha256 = "7448f2cee5480b66dedc079fbff71a6410d7c673574d981d8047b8af180de4a1"

[[gate.input]]
path = "clippy.toml"
sha256 = "04c92e3dce7f76bb0340dfce281fe1eb2956cc5dcf1223b3b11bed683c946dd4"

[[gate.input]]
path = "clusters/apache-kafka/3.7.2/single-plaintext.toml"
sha256 = "d4884eaad0b3ce2a1247e835ecfe4bc87d82595520161e6a40f4a85c3fcf23c9"

[[gate.input]]
path = "clusters/apache-kafka/3.8.1/single-plaintext.toml"
sha256 = "8eb917d323b521dc16f8484548c48c55336ec12c4c6d29d887f6a86a17ae095a"

[[gate.input]]
path = "clusters/apache-kafka/3.9.2/single-plaintext.toml"
sha256 = "f98334c91b27f93c4a9cf521920fd5fb3c45354671e71f2d3837220235d9b5a2"

[[gate.input]]
path = "clusters/apache-kafka/4.0.2/single-plaintext.toml"
sha256 = "8b4ff8bb990fc859f2032890450602442cc3168f52cebc2dadf3edee48a7b82f"

[[gate.input]]
path = "clusters/apache-kafka/4.1.2/single-plaintext.toml"
sha256 = "b3f01d2a070fcd9018161345666fde3087d651502bde6363a9be9fd7b1e27965"

[[gate.input]]
path = "clusters/apache-kafka/4.2.1/single-plaintext.toml"
sha256 = "accaee6b4b5674dcde67a742b4cbf8a9d2eaf2b74a3fd7d55058a69aeea81cf6"

[[gate.input]]
path = "clusters/apache-kafka/4.3.1/single-plaintext-network.toml"
sha256 = "c634f30c1b51e18360de94fd7a821c2d3a51384f641b667629a77b477a731b28"

[[gate.input]]
path = "clusters/apache-kafka/4.3.1/single-plaintext.toml"
sha256 = "434958f9f676679b8e9e7220e0fa6a75b56899d602be1f3035f739813c1baf8d"

[[gate.input]]
path = "clusters/apache-kafka/4.3.1/single-sasl-plain-policy.toml"
sha256 = "84e0e19780afbb119f3f48803966826283f0614c6dc0815dbfc65ec7c4895384"

[[gate.input]]
path = "clusters/apache-kafka/4.3.1/single-sasl-plain.toml"
sha256 = "85fa739e80dd9d8ba1d0cd332e9aba7e7eb1ab79064b34d7061212e736e63b6a"

[[gate.input]]
path = "clusters/apache-kafka/4.3.1/single-scram-sha-256.toml"
sha256 = "cbae916fcd930160b1f73507edcf02f8a616fb369b01db62c5c3e399dfa5f98b"

[[gate.input]]
path = "clusters/apache-kafka/4.3.1/single-scram-sha-512.toml"
sha256 = "3dc30938260ebf3ec93f78fb4cd53b5f7c744e40c165874b8d3c1e41854b8b75"

[[gate.input]]
path = "clusters/apache-kafka/4.3.1/single-tls.toml"
sha256 = "6a39fee23cedb0d9b1062b947535db8d0487564bee8d3d029bd5b1490630f995"

[[gate.input]]
path = "clusters/apache-kafka/4.3.1/three-plaintext.toml"
sha256 = "89f659ad12b951e8dbb4e51bdb459fee4dd0988c9143827db8d6ca14850f59cc"

[[gate.input]]
path = "clusters/apache-kafka/4.3.1/three-sasl-plain.toml"
sha256 = "4ffdfe1e5a0d6c76f02fb0de54e03480120c7f24f4fc4adbb2ef0e7b83e16772"

[[gate.input]]
path = "clusters/apache-kafka/4.3.1/three-scram-sha-256.toml"
sha256 = "3f9cab893525c45d8242e38fab6a9452a16f346e882f15ecfdef0f0209f84aa4"

[[gate.input]]
path = "clusters/apache-kafka/4.3.1/three-scram-sha-512.toml"
sha256 = "36740efe107b5c1c4f330159669602caccbae941073238fa540dba6c2e7060b9"

[[gate.input]]
path = "clusters/apache-kafka/4.3.1/three-tls.toml"
sha256 = "561224a6069ad11cb79e223025be753028e2d3879ff5333d8c52015d654c1e62"

[[gate.input]]
path = "clusters/apache-kafka/compose/single-network.yml"
sha256 = "92b6c492e8320337fec498843637bc7e88a1825c958bcb2d180796b134c52023"

[[gate.input]]
path = "clusters/apache-kafka/compose/single-plaintext.yml"
sha256 = "92cd5ed118cdafc8321ad2940ec94d97207b066f804cc06e04ee45f267090e3b"

[[gate.input]]
path = "clusters/apache-kafka/compose/single-policy.yml"
sha256 = "f246e0f7fcaa1469eca577efda6c1cb810b60815db55ea01a9526c8e94850fda"

[[gate.input]]
path = "clusters/apache-kafka/compose/single-sasl.yml"
sha256 = "1089b9f54a7c9d0a0a87dc49c39f044c8da7d904d5a09cf384ea8ceefe8eb8c6"

[[gate.input]]
path = "clusters/apache-kafka/compose/single-share.yml"
sha256 = "ddd21ed4845cb4eb57f7286d0320b198f9f901d2d871b4044dde015bb99d5111"

[[gate.input]]
path = "clusters/apache-kafka/compose/single-tls.yml"
sha256 = "5a8f1f811954d5bea223500a7321d067c33280c490135084c259bf38b5c7ae9f"

[[gate.input]]
path = "clusters/apache-kafka/compose/three-plaintext.yml"
sha256 = "acf828b85c0270a697bc8dc4135a774744b0e241d71a1b793e326aa8c213b01c"

[[gate.input]]
path = "clusters/apache-kafka/compose/three-sasl.yml"
sha256 = "d9b40f9d2e3e30b4c2c51dd90cc9d17b31f74fe41889322e0f2e50682f65996a"

[[gate.input]]
path = "clusters/apache-kafka/compose/three-share.yml"
sha256 = "10e592e41dda82deb574338e5f9adaf240c078cbbbab34333ba3f39c646006f2"

[[gate.input]]
path = "clusters/apache-kafka/compose/three-tls.yml"
sha256 = "deb403bcdfb303a7a9b161cbda659081da768159093cc07e141d80a143520372"

[[gate.input]]
path = "clusters/model-broker.toml"
sha256 = "553f3e53f090e391ccb342c05526e55030cfdceb4d5a1333f07c177801f5326f"

[[gate.input]]
path = "clusters/protocol-adversary.toml"
sha256 = "e8e33744bb9942ecf429de76bf61bf189d9b1d0a0d1a5844f11786b392d3c6f3"

[[gate.input]]
path = "contracts/conformance.toml"
sha256 = "3b162ca11a6d84784f0831293b720ab600125de8d9a5db6cbc7dbca8bc735366"

[[gate.input]]
path = "packs/kafkars-assigned-consumer-cursors.toml"
sha256 = "194fb67aaa87520e6ec2419780bf3137f006751bb9e6f367ec05878cd45269b6"

[[gate.input]]
path = "packs/kafkars-broker-policy.toml"
sha256 = "174c706084db79b2cadf9d63850d5394c262a3d80deae3d2e000c0f9fcb795f5"

[[gate.input]]
path = "packs/kafkars-broker-role-failover.toml"
sha256 = "9b43e766ed7ca52af31150f316257d20015d2d624cdd8214d1398d55cde7cc9c"

[[gate.input]]
path = "packs/kafkars-classic.toml"
sha256 = "b181b5de5816a58cd50f624fee8afcdc74093d39a2e0f4f1cc033784a8e23f8a"

[[gate.input]]
path = "packs/kafkars-concurrent-actors.toml"
sha256 = "7b16460ebd1c7a192ff347993cfadbb8a6b53af365e490e0b3b94355d442ed0d"

[[gate.input]]
path = "packs/kafkars-lifecycle-isolation.toml"
sha256 = "7092c8bb824ff116c6450f7f5dc81465a85b6472972f9bc34663ee7fc9c35dde"

[[gate.input]]
path = "packs/kafkars-network-faults.toml"
sha256 = "482f3ab3e9a7fdd20e86c9a419692c22add4cb3c4454e1d00419feace2547a6c"

[[gate.input]]
path = "packs/kafkars-pr.toml"
sha256 = "9f1a69a84ee2b5cf0c3d3d620f0b7d6ec6a0705e5158191eb6850427ceaef416"

[[gate.input]]
path = "packs/kafkars-protocol-adversary.toml"
sha256 = "637c9e1f2d9a1abed8217f2bd4c25b052e03346685e36f65d90bae87ea483a1e"

[[gate.input]]
path = "packs/kafkars-record-fidelity.toml"
sha256 = "9bef73544891832dfb4b6df44357244cb84b1853d26c613315030e94459e7611"

[[gate.input]]
path = "packs/kafkars-release.toml"
sha256 = "c907efbae160e4a835e25292cc03d4fe95b51eb61b2ae435037a7b442b252438"

[[gate.input]]
path = "packs/kafkars-share-release.toml"
sha256 = "89b7d36f52d23d58db97d57b2cce5fd565e779c73c5701216d3fe665b7a31f89"

[[gate.input]]
path = "packs/kafkars-three-broker-security.toml"
sha256 = "3013b4945f8b54a1b1075fd964d01931a582c3b795805a8bb5fdc90a6d532917"

[[gate.input]]
path = "packs/kafkars-three-broker-share.toml"
sha256 = "08329a34992da825855913a0711e210e9e4ebaee5130df415610cace095342d6"

[[gate.input]]
path = "packs/kafkars-three-broker.toml"
sha256 = "4faaca51284adda217f1689cf53587262f6e42c59df961fe3814bdc2bd88cfd2"

[[gate.input]]
path = "packs/kafkars-transactions.toml"
sha256 = "45e9ea9bdea2f5f9ff3864e757886326563a1b1570a7809916e738bcbfcf8c5c"

[[gate.input]]
path = "packs/repository-pr.toml"
sha256 = "3676bbfceb360dfa064ad63e3f9d95d714f825f2878e421699f13c9553eda62e"

[[gate.input]]
path = "qualifications/kafkars-pr.toml"
sha256 = "7a211907f4a159aeed7eb4dd335b9be1df4ea2d81b644afdc54f588c051e635a"

[[gate.input]]
path = "qualifications/kafkars-release.toml"
sha256 = "8c7cb2561d704f5cd1c57afb4a4efe94952992eedb36cce62d9599794eb70f83"

[[gate.input]]
path = "qualifications/repository-pr.toml"
sha256 = "49db8f0e9256bdf9cd1beeee676c9829438e6f94f63d701a2f580cf0b354e798"

[[gate.input]]
path = "rust-toolchain.toml"
sha256 = "980c9752cb40dca3265ce4e3e31de1c369b469c9837be059b806ea93fe76799d"

[[gate.input]]
path = "scenarios/adversary/metadata-disconnect-after-request.toml"
sha256 = "c38ae6ea6991f0ecb458cac101b8085b4e3dea4badac2232acbb653bf207e265"

[[gate.input]]
path = "scenarios/adversary/metadata-disconnect-after-response.toml"
sha256 = "ad9dc10f229d7acffbf221d3a396abddc933627164c9aa7b3605e5d85cef6402"

[[gate.input]]
path = "scenarios/adversary/metadata-partial-frame.toml"
sha256 = "7a93877b8c144bc3ede890aa3e2604f468b6576a55765e17efcb7c49ecc9ebed"

[[gate.input]]
path = "scenarios/adversary/metadata-stale-response.toml"
sha256 = "32965c1b8a25146a72f14212996c2da63c0b0860bf61974724bbd23a7128683a"

[[gate.input]]
path = "scenarios/adversary/metadata-stall.toml"
sha256 = "3f26742da1c9fa5f316be5f6c48bd402d215357349fb00dfd7a8c6b7da583c64"

[[gate.input]]
path = "scenarios/adversary/metadata-wrong-correlation.toml"
sha256 = "57729fe5dfc6b4550db53fbb77c7055bc4e38521e0e68e64f3ba571c13785a5b"

[[gate.input]]
path = "scenarios/adversary/producer-stalled-response.toml"
sha256 = "5541271c8e6828ba57ee61a52ac071b36269997e70509ed9b4ac590318bc3276"

[[gate.input]]
path = "scenarios/kafka/admin-alter-consumer-group-offset-forward.toml"
sha256 = "6cd032e8ec63596c79711d20f0e08527bcff7742acaeb43e229c95784a500f52"

[[gate.input]]
path = "scenarios/kafka/admin-alter-consumer-group-offset-partition-isolation.toml"
sha256 = "50d08075adc33c55097267d4263146f9a63da8100cd989c87676253aa73ac01b"

[[gate.input]]
path = "scenarios/kafka/admin-alter-consumer-group-offset.toml"
sha256 = "f7f6e08cc2777c9126e7b8202768857b88ef9f96b9631f50f1c7c1fa01fa4389"

[[gate.input]]
path = "scenarios/kafka/admin-consumer-group-offsets-batch-lifecycle.toml"
sha256 = "b814f0098e4873f5e2517b92856b0e154a1923ea0cf7e81645474884023afb31"

[[gate.input]]
path = "scenarios/kafka/admin-controller-failover.toml"
sha256 = "45860b8f0910b6455eb3bcd10e0fffc676ebeabdecaa8496b9b629eb8f526b0b"

[[gate.input]]
path = "scenarios/kafka/admin-create-partitions-unknown-topic.toml"
sha256 = "5f6a1bf047029faef6d926542be2c5d6df4beeb64935fe38b1bef5d8e5092184"

[[gate.input]]
path = "scenarios/kafka/admin-create-partitions-validate-only.toml"
sha256 = "fb9de1f21b91d359188ffc3e8cd84f37e4b9be9276bfd6e2f4a77e75a2bd2f2d"

[[gate.input]]
path = "scenarios/kafka/admin-create-partitions.toml"
sha256 = "bc713b562888cfc7d57c052d5afc33e1f34970cd9fe72868da3f6cbcde52a809"

[[gate.input]]
path = "scenarios/kafka/admin-create-topic-duplicate.toml"
sha256 = "c310f78ce2d5e603e8ba9059a53548be10b638e8511618c3e1da51eedad4b205"

[[gate.input]]
path = "scenarios/kafka/admin-create-topic-validate-only.toml"
sha256 = "520049463314ff8372fd351588ab252844ac06200c56a077b20ca360f3f91ca2"

[[gate.input]]
path = "scenarios/kafka/admin-create-topic.toml"
sha256 = "4cff3f784f77d8d65e1ad5dae2bc92135c0938dcb505badaeb9de457d703aeb5"

[[gate.input]]
path = "scenarios/kafka/admin-create-topics-batch-partial.toml"
sha256 = "2271458c1681fd720530a63c5dc99a012248d2f605a16853cd9060398612fe70"

[[gate.input]]
path = "scenarios/kafka/admin-delete-consumer-group-offset-partition-isolation.toml"
sha256 = "9e234f26ae6d4db2b98479c7e0271d6cca0394b1c42fea40e6b8275942100123"

[[gate.input]]
path = "scenarios/kafka/admin-delete-consumer-group-offset.toml"
sha256 = "4f2f8c6eda57fe8d5e9bf423117796e283155b1a83db286a9c4cce3e7acc8237"

[[gate.input]]
path = "scenarios/kafka/admin-delete-consumer-group.toml"
sha256 = "aad6dbeb4353aee264fc040edc0c78039cf1e90e8d8d1934929958c2d671f701"

[[gate.input]]
path = "scenarios/kafka/admin-delete-records.toml"
sha256 = "7b5f6611add0d730050b24895a14570869b9cea672215504885074ab92a0164c"

[[gate.input]]
path = "scenarios/kafka/admin-delete-topic-unknown-topic.toml"
sha256 = "981a856942a4808b1d5b8a9abbb39645286d8eae0c5399dc6685071ce350a31a"

[[gate.input]]
path = "scenarios/kafka/admin-delete-topic.toml"
sha256 = "03b2da870b25c9231e4aaa26d9e0e8e7d87f4b16469edbb96a045115bba2d2a5"

[[gate.input]]
path = "scenarios/kafka/admin-describe-classic-groups.toml"
sha256 = "e8864c96b8e0a2dc1b978e5b91274fa34907c0de37cac8fc7c8dec9719841484"

[[gate.input]]
path = "scenarios/kafka/admin-describe-cluster.toml"
sha256 = "503a62631cb9f1c21ca4c2dd178872af82209a20000a655c56f444f938884015"

[[gate.input]]
path = "scenarios/kafka/admin-describe-consumer-group.toml"
sha256 = "ec440212cf6a2647efaf2efcb34e0968c0ca9d7c83f34f1de2416c2cf865bac5"

[[gate.input]]
path = "scenarios/kafka/admin-describe-topic-unknown-topic.toml"
sha256 = "673d25bfe678eff6749846ef93a8016ef2c5ab534d1af8fdea1e096ec0877f29"

[[gate.input]]
path = "scenarios/kafka/admin-describe-topic.toml"
sha256 = "3f76c6c67cc47f657c36dedf57abef401fc2cf0f10d0b419b9d0ae081c6ca55a"

[[gate.input]]
path = "scenarios/kafka/admin-list-consumer-group-offsets.toml"
sha256 = "19cdf50ced51395ab41f8bf161f95708259cf89bbf230c4ad04743362989179b"

[[gate.input]]
path = "scenarios/kafka/admin-list-consumer-groups-multiple.toml"
sha256 = "e9fa28aec201f9cbac6b53a8713f67a610b999ed5e51ce29d90725cd952c19ac"

[[gate.input]]
path = "scenarios/kafka/admin-list-consumer-groups-offsets.toml"
sha256 = "17c038d0a594556e9495856c4a893bc5ef242d3ed2195a3a6c2851b1689400bf"

[[gate.input]]
path = "scenarios/kafka/admin-list-consumer-groups.toml"
sha256 = "56941ef74e67af8333cbf4a40cb154116e5af8e311f1324e8e3f083760e030c8"

[[gate.input]]
path = "scenarios/kafka/admin-list-earliest-offset.toml"
sha256 = "2ce9f960b34d5649d09b9fe63ac90ea3c8fff97f3222065a53349b5c6226cf7c"

[[gate.input]]
path = "scenarios/kafka/admin-list-live-consumer-group-offset.toml"
sha256 = "34c97a7d3736c5796a736fed188a3e6138cc700394d9d262c6417e1c43e46394"

[[gate.input]]
path = "scenarios/kafka/admin-list-offsets-invalid-partition.toml"
sha256 = "df8ed3878e36abb47e4c4e75c87b7371d1584cc7a0af22a2196c90ffae8678f8"

[[gate.input]]
path = "scenarios/kafka/admin-list-offsets-paired.toml"
sha256 = "97d345c4c25997c05d036c61974e9f5ceb5b3583ebb13a62531b355a1f71a828"

[[gate.input]]
path = "scenarios/kafka/admin-list-offsets.toml"
sha256 = "eb942f536b47494ab89a0866fd9a9913406d60ae1a08d3907a841fdfb0126a56"

[[gate.input]]
path = "scenarios/kafka/admin-list-topics-multiple.toml"
sha256 = "8748f037e907fa28080d3569bfe75c4cbb0c684d16705c9c02d9f996fad01735"

[[gate.input]]
path = "scenarios/kafka/admin-list-topics.toml"
sha256 = "3e2931fd8fd9e53f207f817aa94be4747d505993953e0fa434ce3dcda6b2c065"

[[gate.input]]
path = "scenarios/kafka/admin-topic-authorization-recovery.toml"
sha256 = "f5683329e6a5c588e143b7ce50097a7528090741777c3a4001ee185ff4d636d5"

[[gate.input]]
path = "scenarios/kafka/admin-topic-config-lifecycle.toml"
sha256 = "4e2f4031c95bd6b94a267de3f4afb983f336afeda26dcd3b1de883c78be261a9"

[[gate.input]]
path = "scenarios/kafka/admin-topic-config-restore.toml"
sha256 = "71b636cd9ce60d7966202e5a307d449e02708a94ba51a923d4d7715cd984f430"

[[gate.input]]
path = "scenarios/kafka/admin-topic-config-validate-only.toml"
sha256 = "ffd05320f610d14858b62de4c135a63e86d4b36d0acbcc2d6b04408b4520730a"

[[gate.input]]
path = "scenarios/kafka/admin-topic-delete-recreate.toml"
sha256 = "34c02d860cdc2a90470391a1b634712b168b19d200fa0b69362dfeb723be0b19"

[[gate.input]]
path = "scenarios/kafka/admin-topic-lifecycle.toml"
sha256 = "acb0d92d05e9b04ad34ce9aa9c86cd21740477d27e76073b154ba3e1fe0e3a83"

[[gate.input]]
path = "scenarios/kafka/assigned-consumer-beginning-reset.toml"
sha256 = "004a00988b3ba07bcdaa7e0cf641065640acf66040fe7beac9aa091b48c58680"

[[gate.input]]
path = "scenarios/kafka/assigned-consumer-header-fidelity.toml"
sha256 = "bf24575d87f71af6a0c1510cefeadf34047c90391d9ddf057e3480d8bcaac2e4"

[[gate.input]]
path = "scenarios/kafka/assigned-consumer-independent-cursors.toml"
sha256 = "a7cca957b8e0c1be14b18bcbf2e363c8c52954faea1dd52624645125fd8baf09"

[[gate.input]]
path = "scenarios/kafka/assigned-consumer-multi-partition.toml"
sha256 = "1b076bed9e3ca027c9eaddf289a08d9b169a64d0815a9f5b8190adaac4482502"

[[gate.input]]
path = "scenarios/kafka/assigned-consumer-null-empty.toml"
sha256 = "0a568db84afa3056d387abbf14383e470f9f265698cfe0aafc1bc461c5c1f7f9"

[[gate.input]]
path = "scenarios/kafka/assigned-consumer-replacement.toml"
sha256 = "52b98d1e9471b7e13fbeb7b5892a5595a0988d88086324eec5ffba4e2597cd9f"

[[gate.input]]
path = "scenarios/kafka/assigned-consumer-round-trip.toml"
sha256 = "940d600af1ff550f79c30851dca97b9e91fa02a78d9571f0d2a81deca6b19c1b"

[[gate.input]]
path = "scenarios/kafka/assigned-consumer-sequential-cursor.toml"
sha256 = "4c3ea5e8da05c9a2377c5b749f3081e1601a91455690a4d3bdf741b3217ba04e"

[[gate.input]]
path = "scenarios/kafka/classic-group-authorization-recovery.toml"
sha256 = "a461714c03a2ae23c0a87d2153203ceaf91b39653bc74deed50af9eee8104546"

[[gate.input]]
path = "scenarios/kafka/classic-group-broker-restart.toml"
sha256 = "87ba32ecf74271e419ec88140a0d2e0e0e5e0d47035c763776e8a4d6a354cc48"

[[gate.input]]
path = "scenarios/kafka/classic-group-coordinator-failover.toml"
sha256 = "9a88ded81f4b969d7b8ee37706014464e73c40bd165cd2eeec5f015caa4b488e"

[[gate.input]]
path = "scenarios/kafka/classic-group-membership-ownership.toml"
sha256 = "133210a3156bcbd72949f4d80c6f2a00375a1c8d5d1ec3f5f69eba9204b02e63"

[[gate.input]]
path = "scenarios/kafka/classic-group-offset-resume.toml"
sha256 = "a9fc8473c9840c3a850c6f24aa4e907f3b5b99f27788fbdbda1cc36ef2099bff"

[[gate.input]]
path = "scenarios/kafka/classic-group-record-fidelity.toml"
sha256 = "4b2976b825841b8b8cbbdab9d573fbb2ce8a208717769134b25a72480c1d4f3e"

[[gate.input]]
path = "scenarios/kafka/classic-group-round-trip.toml"
sha256 = "15d2de059c3c70bf706fd8b76047ff4ea4d50aab8bfea5eb3b9620829750e388"

[[gate.input]]
path = "scenarios/kafka/classic-group-session-recovery.toml"
sha256 = "458335f92a03f0c87357ac84be5ab35a640818bf1b0fe40e173e6114b05a1cc9"

[[gate.input]]
path = "scenarios/kafka/client-shutdown-isolation.toml"
sha256 = "96dc8401761fa8466c5ffb6e23ea8f026a32878d04e6c50f2869c10fc8e9eff2"

[[gate.input]]
path = "scenarios/kafka/concurrent-multi-producer.toml"
sha256 = "9f12bdaf8ff1857031256f359f76dace555384c7e3d14f01f892677be0c47967"

[[gate.input]]
path = "scenarios/kafka/concurrent-producer-consumer.toml"
sha256 = "ccb97fec8612e20519aa955b4ba37b0bb8cffa1e46bd0d45c212e0fdc6cf08db"

[[gate.input]]
path = "scenarios/kafka/concurrent-two-client-pipeline.toml"
sha256 = "b7ce7381c143feeb405ccc203a5372d1746e422a3159ba47530c5376b41caa46"

[[gate.input]]
path = "scenarios/kafka/consumer-protocol-group-coordinator-failover.toml"
sha256 = "c2bbaa82b49e70d5f592ea72d74b0fdbc6f1bd3bc729c4aa5df5c55fc68f137c"

[[gate.input]]
path = "scenarios/kafka/consumer-protocol-group-membership-ownership.toml"
sha256 = "5abe1dc8e39d6b71921ac7f3eee9e1bfabb9bd4acbc8cb6e23cc9a1ed953c1f2"

[[gate.input]]
path = "scenarios/kafka/consumer-protocol-group-offset-resume.toml"
sha256 = "75cfb2d9ff19fda0d1dc39a22d1396630a2de9d454439798801eb9bc86900e38"

[[gate.input]]
path = "scenarios/kafka/consumer-protocol-group-record-fidelity.toml"
sha256 = "5aef9677b3c2595d775420da95fb507b2fef29ee6929e41289e39fc1b9e0603b"

[[gate.input]]
path = "scenarios/kafka/consumer-protocol-group-round-trip.toml"
sha256 = "a636eaedd8bc9b5931c55f6ab5f86fd5ad2fe3f586540aabddc01816501fc345"

[[gate.input]]
path = "scenarios/kafka/consumer-protocol-group-session-recovery.toml"
sha256 = "0f4cc0732a0e24a13368b32088a90d8240d76f5082dea1ce4d911d3d8f807967"

[[gate.input]]
path = "scenarios/kafka/consumer-quota-progress.toml"
sha256 = "a2944a78c6375c46b987d7af7ac78a9fa373836d6727fe968cb5849a404d25e6"

[[gate.input]]
path = "scenarios/kafka/producer-batch.toml"
sha256 = "f05894e699ac6046cbde128e9b688acd50e57ad0ace23e28853d78cd44c7656e"

[[gate.input]]
path = "scenarios/kafka/producer-broker-restart.toml"
sha256 = "c34c71cdbc450b1dd97b43ae9cb73ca3b64777bb5ebd54385f4e82edc7c08b5d"

[[gate.input]]
path = "scenarios/kafka/producer-leader-failover.toml"
sha256 = "8107668c1ea6e9ce2544fc2fd4827b56f1be588852e132a51898f81490520841"

[[gate.input]]
path = "scenarios/kafka/producer-network-blackhole-recovery.toml"
sha256 = "2a2def905149f2b89d218e3c7bcd11fe64d2b638abbcb31d0d606ae9ab291f00"

[[gate.input]]
path = "scenarios/kafka/producer-network-connection-cut-recovery.toml"
sha256 = "090551c3ed790ce5629cd3819567b8e0923b0812abc510c0cdbf6f9e4826662a"

[[gate.input]]
path = "scenarios/kafka/producer-network-latency-progress.toml"
sha256 = "0dd2dbe0c96aa3aae301cdeb63a11c6b9b8751bdd27fc1e823194013bf11ed08"

[[gate.input]]
path = "scenarios/kafka/producer-null-empty-batch.toml"
sha256 = "43031a7dc7fd782be546fca0837770915d6872fb61563fcbab5431220af7dd10"

[[gate.input]]
path = "scenarios/kafka/producer-partition-routing.toml"
sha256 = "a49c418042bb6fd5993c53d838bfa9aca866f1138e1009adbedfb2ec015e850d"

[[gate.input]]
path = "scenarios/kafka/producer-quota-progress.toml"
sha256 = "41a06ee20726b7cc527a5da458520b0426012f0c7430937c2892e10d1a9a285e"

[[gate.input]]
path = "scenarios/kafka/producer-repeated-readiness-flush.toml"
sha256 = "d716c0fc8e262723a58f52f4df4fb6353a7d050cdd2a0709fb0313ad2a839f56"

[[gate.input]]
path = "scenarios/kafka/producer-replacement-after-close.toml"
sha256 = "8d1ee782119825e41e3be68dc6c8f04fb85d31d62b957594cd357ddb5b7fc460"

[[gate.input]]
path = "scenarios/kafka/producer-rolling-restart.toml"
sha256 = "583223059efecbadb881725dc690d1b1eb0327d5839a8d6048d9ef16a06560d1"

[[gate.input]]
path = "scenarios/kafka/producer-round-trip.toml"
sha256 = "cb8b2e406b503d1cd84ad52cfae45e2259946cac5c2ad1938c10ff41189187e0"

[[gate.input]]
path = "scenarios/kafka/producer-sequential-ordering.toml"
sha256 = "8e8f42c62426380c08f3d0cbe6aad58ba885c8d9f4796c2340e28adf10a20fe7"

[[gate.input]]
path = "scenarios/kafka/producer-sibling-close-isolation.toml"
sha256 = "a6f6c16daf26fab7573d19133d419d1daed58ff24da9f70387c42a40c0ba261f"

[[gate.input]]
path = "scenarios/kafka/producer-topic-authorization-recovery.toml"
sha256 = "b78fdf24a0c52538666700d76621d13006660f6743921a5aafca72a826fb7ace"

[[gate.input]]
path = "scenarios/kafka/share-group-close-uncertainty.toml"
sha256 = "81c2f1fe3b623c8d6d8ea3343bdba5f93c1171c26b2b38376fb53cb6bf5f4c01"

[[gate.input]]
path = "scenarios/kafka/share-group-leader-recovery.toml"
sha256 = "0b7495d5492ed9f1e3b7ce9acc9958dbae78e330001b4d1c17c06456bf4fd90b"

[[gate.input]]
path = "scenarios/kafka/share-group-lifecycle.toml"
sha256 = "5955cd3135bba48127aec933a96c15d9d367d37bb6a180789b43213506ed41e0"

[[gate.input]]
path = "scenarios/kafka/share-group-membership-ownership.toml"
sha256 = "894dfaf17fdb5a01ec49135d769a6d54b77271b517fe38a1c7bcf670300a7b2d"

[[gate.input]]
path = "scenarios/kafka/share-group-record-fidelity.toml"
sha256 = "bf0944430868e5ae40aa2a05d752ab50d23245e9f8b69f7c020d8c731a2843da"

[[gate.input]]
path = "scenarios/kafka/share-group-session-recovery.toml"
sha256 = "87c4797d77b85ba10ae47828b3777f7356d6db51bfeb7949f56228a6ebebef19"

[[gate.input]]
path = "scenarios/kafka/transaction-commit-abort.toml"
sha256 = "9ebdd564bbb3f4761fed12d4c1290040f9eef90565d786f0176e90a83ea36397"

[[gate.input]]
path = "scenarios/kafka/transaction-coordinator-failover.toml"
sha256 = "109b5165958459c2f57325c84bd615009c1905d5b726dc1c798739aaa692cba0"

[[gate.input]]
path = "scenarios/kafka/transaction-fencing.toml"
sha256 = "21c6bd36f5d7ec81d7b6e81e61941e25fcdf5d4a3614c6f73b86fff5e9f63fc5"

[[gate.input]]
path = "scenarios/kafka/transaction-multi-record-abort.toml"
sha256 = "d58ae0dd0659fdb38fdd3a862aa6df1a3955649017d5b48bf6dacca360d193af"

[[gate.input]]
path = "scenarios/kafka/transaction-multi-record-commit.toml"
sha256 = "ed95c94f55052d89d856f554fbbd26811784f75d859267743bbb4dfad7ae4a0f"

[[gate.input]]
path = "scenarios/kafka/transaction-successive-boundaries.toml"
sha256 = "7117b971978320cf12cc2e34f3293bcef464ed957145c7a01040cfedfda25135"

[[gate.input]]
path = "scenarios/kafka/transactional-id-authorization-recovery.toml"
sha256 = "2deb6bf84970a3bd11df738b08d5252db8acbeb3b054a8a0bffcb5e8f68e7bca"

[[gate.input]]
path = "scenarios/producer/definite-rejection.toml"
sha256 = "9865af6688166cbbcf2af1124bdd500561a30d45c7998e7e0ecde85471f304a4"

[[gate.input]]
path = "scenarios/producer/lost-response.toml"
sha256 = "0927c60ae98ce1da30ab1e96df405b05a3f98e51a2ff52d7c223c18d0f7f4564"

[[gate.input]]
path = "scenarios/producer/round-trip.toml"
sha256 = "f7c36c83700cc0a33feec08e35afd900f13d98361205535e16c04b48d4859a9f"

[[gate.input]]
path = "scripts/check-rust-lint"
sha256 = "f2c346453ef594f75581e3f141408ddbf8e6be6dfcaf73e2e6f36e127eeefc06"

[[gate.input]]
path = "scripts/check-rust-test"
sha256 = "b1ac52525fab2dd91c7d2250102e8193c0590f486fb39bacbe0adc4b6f23077b"

[[gate.input]]
path = "scripts/check-scenarios"
sha256 = "09440d6ce0e3b073f26db9eac1e7625e0169288ebb5e66e7ffc7e29702db4977"

[[gate.input]]
path = "scripts/install-native-build-dependencies"
sha256 = "8f217bf4013b491dbe9e7773b176920cb1b11cbac94a6d450215f16c3013e530"

[[gate.input]]
path = "scripts/portable-environment"
sha256 = "272d53c89045c5ffe977a4cc9fe47cce957ef09a6e607cafacd0e6bd836bd7f0"

[[gate.input]]
path = "scripts/qualify-kafkars-candidate"
sha256 = "2feb6ad6a5fe7f66bd4c82ebec8b73f6bdf072ec3602f683392a266be3fe730b"

[[gate.input]]
path = "scripts/run-kafkars-qualification"
sha256 = "2ae6e7f210fe78f16ef123c10d797b6f1d71e0f2f61103c04d63f3e5d96787c6"

[[gate.input]]
path = "scripts/run-kafkars-release-qualification"
sha256 = "f0be00687c197de8a68ea14f44c4f852b952ff77ea20bd08aa5c836dd7f2990f"

[[gate.input]]
path = "scripts/run-reference-pack"
sha256 = "a6c9aa3efcd14d3db66233ad3b50b3bedb48cd8d943d1532d0c6de0d65369919"

[[gate.input]]
path = "scripts/run-reference-qualification"
sha256 = "d0ff3b717c9a449f60ee983ddf89a9a0a7cfe28e4c616641b58dea906215691f"

[[gate.input]]
path = "subjects/kafkars-rust.toml"
sha256 = "2f2c3e195befbfd844a840128b18c71ce4208ed32d13bea4d7d4ddae611f6636"

[[gate.input]]
path = "subjects/reference-rust.toml"
sha256 = "259691f32857de58a63ed46ff9c0ffc3318e6e1e165d7615d17b2fe50cf73db2"
