# This file is generated by `zrail update`; do not edit by hand.
schema = 1
semantics = 1
producer = "0.0.1"
contract_sha256 = "659af70a95e26d4f8f20cfa51503dcd1f4ed04e6e5b728675811f028950f725f"
ratchet = []

[[package]]
name = "testctl"

[[package.dependency]]
alias = "clap"
name = "clap"
kind = "normal"
scope = "external"
optional = false
default_features = true
features = ["derive"]

[package.dependency.source]
kind = "registry"
requirement = "4.5"

[[package.dependency]]
alias = "hex"
name = "hex"
kind = "normal"
scope = "external"
optional = false
default_features = true

[package.dependency.source]
kind = "registry"
requirement = "0.4"

[[package.dependency]]
alias = "serde"
name = "serde"
kind = "normal"
scope = "external"
optional = false
default_features = true
features = ["derive"]

[package.dependency.source]
kind = "registry"
requirement = "1.0"

[[package.dependency]]
alias = "serde_json"
name = "serde_json"
kind = "normal"
scope = "external"
optional = false
default_features = true

[package.dependency.source]
kind = "registry"
requirement = "1.0"

[[package.dependency]]
alias = "sha2"
name = "sha2"
kind = "normal"
scope = "external"
optional = false
default_features = true

[package.dependency.source]
kind = "registry"
requirement = "0.10"

[[package.dependency]]
alias = "testlab-broker"
name = "testlab-broker"
crate_root = "testlab_broker"
kind = "normal"
scope = "internal"
optional = false
default_features = true

[package.dependency.source]
kind = "workspace-member"
directory = "crates/testlab-broker"
requirement = "0.1.0"

[[package.dependency]]
alias = "testlab-environment"
name = "testlab-environment"
crate_root = "testlab_environment"
kind = "normal"
scope = "internal"
optional = false
default_features = true

[package.dependency.source]
kind = "workspace-member"
directory = "crates/testlab-environment"
requirement = "0.1.0"

[[package.dependency]]
alias = "testlab-schema"
name = "testlab-schema"
crate_root = "testlab_schema"
kind = "normal"
scope = "internal"
optional = false
default_features = true

[package.dependency.source]
kind = "workspace-member"
directory = "crates/testlab-schema"
requirement = "0.1.0"

[[package.dependency]]
alias = "testlab-verifier"
name = "testlab-verifier"
crate_root = "testlab_verifier"
kind = "normal"
scope = "internal"
optional = false
default_features = true

[package.dependency.source]
kind = "workspace-member"
directory = "crates/testlab-verifier"
requirement = "0.1.0"

[[package.dependency]]
alias = "thiserror"
name = "thiserror"
kind = "normal"
scope = "external"
optional = false
default_features = true

[package.dependency.source]
kind = "registry"
requirement = "2.0"

[[package.dependency]]
alias = "toml"
name = "toml"
kind = "normal"
scope = "external"
optional = false
default_features = true

[package.dependency.source]
kind = "registry"
requirement = "0.8"

[[package]]
name = "testlab-broker"

[[package.dependency]]
alias = "serde"
name = "serde"
kind = "normal"
scope = "external"
optional = false
default_features = true
features = ["derive"]

[package.dependency.source]
kind = "registry"
requirement = "1.0"

[[package.dependency]]
alias = "serde_json"
name = "serde_json"
kind = "normal"
scope = "external"
optional = false
default_features = true

[package.dependency.source]
kind = "registry"
requirement = "1.0"

[[package.dependency]]
alias = "testlab-schema"
name = "testlab-schema"
crate_root = "testlab_schema"
kind = "normal"
scope = "internal"
optional = false
default_features = true

[package.dependency.source]
kind = "workspace-member"
directory = "crates/testlab-schema"
requirement = "0.1.0"

[[package.dependency]]
alias = "thiserror"
name = "thiserror"
kind = "normal"
scope = "external"
optional = false
default_features = true

[package.dependency.source]
kind = "registry"
requirement = "2.0"

[[package]]
name = "testlab-environment"

[[package.dependency]]
alias = "futures-executor"
name = "futures-executor"
kind = "normal"
scope = "external"
optional = false
default_features = true

[package.dependency.source]
kind = "registry"
requirement = "=0.3.34"

[[package.dependency]]
alias = "hex"
name = "hex"
kind = "normal"
scope = "external"
optional = false
default_features = true

[package.dependency.source]
kind = "registry"
requirement = "0.4"

[[package.dependency]]
alias = "rdkafka"
name = "rdkafka"
kind = "normal"
scope = "external"
optional = false
default_features = false
features = [
    "cmake-build",
    "naive-runtime",
    "ssl-vendored",
]

[package.dependency.source]
kind = "registry"
requirement = "=0.39.0"

[[package.dependency]]
alias = "testlab-schema"
name = "testlab-schema"
crate_root = "testlab_schema"
kind = "normal"
scope = "internal"
optional = false
default_features = true

[package.dependency.source]
kind = "workspace-member"
directory = "crates/testlab-schema"
requirement = "0.1.0"

[[package.dependency]]
alias = "thiserror"
name = "thiserror"
kind = "normal"
scope = "external"
optional = false
default_features = true

[package.dependency.source]
kind = "registry"
requirement = "2.0"

[[package.dependency]]
alias = "toml"
name = "toml"
kind = "development"
scope = "external"
optional = false
default_features = true

[package.dependency.source]
kind = "registry"
requirement = "0.8"

[[package]]
name = "testlab-kafkars-adapter"

[[package.dependency]]
alias = "kafkars"
name = "kafkars"
kind = "normal"
scope = "external"
optional = false
default_features = true

[package.dependency.source]
kind = "registry"
requirement = "=0.0.1"

[[package.dependency]]
alias = "serde_json"
name = "serde_json"
kind = "normal"
scope = "external"
optional = false
default_features = true

[package.dependency.source]
kind = "registry"
requirement = "1.0"

[[package.dependency]]
alias = "testlab-schema"
name = "testlab-schema"
crate_root = "testlab_schema"
kind = "normal"
scope = "internal"
optional = false
default_features = true

[package.dependency.source]
kind = "workspace-member"
directory = "crates/testlab-schema"
requirement = "0.1.0"

[[package.dependency]]
alias = "thiserror"
name = "thiserror"
kind = "normal"
scope = "external"
optional = false
default_features = true

[package.dependency.source]
kind = "registry"
requirement = "2.0"

[[package]]
name = "testlab-reference-adapter"

[[package.dependency]]
alias = "serde_json"
name = "serde_json"
kind = "normal"
scope = "external"
optional = false
default_features = true

[package.dependency.source]
kind = "registry"
requirement = "1.0"

[[package.dependency]]
alias = "testlab-broker"
name = "testlab-broker"
crate_root = "testlab_broker"
kind = "normal"
scope = "internal"
optional = false
default_features = true

[package.dependency.source]
kind = "workspace-member"
directory = "crates/testlab-broker"
requirement = "0.1.0"

[[package.dependency]]
alias = "testlab-schema"
name = "testlab-schema"
crate_root = "testlab_schema"
kind = "normal"
scope = "internal"
optional = false
default_features = true

[package.dependency.source]
kind = "workspace-member"
directory = "crates/testlab-schema"
requirement = "0.1.0"

[[package.dependency]]
alias = "thiserror"
name = "thiserror"
kind = "normal"
scope = "external"
optional = false
default_features = true

[package.dependency.source]
kind = "registry"
requirement = "2.0"

[[package]]
name = "testlab-schema"

[[package.dependency]]
alias = "hex"
name = "hex"
kind = "normal"
scope = "external"
optional = false
default_features = true

[package.dependency.source]
kind = "registry"
requirement = "0.4"

[[package.dependency]]
alias = "serde"
name = "serde"
kind = "normal"
scope = "external"
optional = false
default_features = true
features = ["derive"]

[package.dependency.source]
kind = "registry"
requirement = "1.0"

[[package.dependency]]
alias = "sha2"
name = "sha2"
kind = "normal"
scope = "external"
optional = false
default_features = true

[package.dependency.source]
kind = "registry"
requirement = "0.10"

[[package.dependency]]
alias = "thiserror"
name = "thiserror"
kind = "normal"
scope = "external"
optional = false
default_features = true

[package.dependency.source]
kind = "registry"
requirement = "2.0"

[[package.dependency]]
alias = "toml"
name = "toml"
kind = "development"
scope = "external"
optional = false
default_features = true

[package.dependency.source]
kind = "registry"
requirement = "0.8"

[[package]]
name = "testlab-verifier"

[[package.dependency]]
alias = "testlab-schema"
name = "testlab-schema"
crate_root = "testlab_schema"
kind = "normal"
scope = "internal"
optional = false
default_features = true

[package.dependency.source]
kind = "workspace-member"
directory = "crates/testlab-schema"
requirement = "0.1.0"

[[gate]]
name = "check"
path = "zcheck.toml"
sha256 = "c7e9d477b355c31314668d5eb88283249b389768460838c9c516644f494b5e84"

[[gate.input]]
path = "Cargo.lock"
sha256 = "501017f75af05dc4f357589d3d51b767f3e4bec0e5901a42b234051321e74aac"

[[gate.input]]
path = "Cargo.toml"
sha256 = "c72b46bca8b2e3e0f22bf505e89c5282fa6928eb99077b17142ec219ee02546c"

[[gate.input]]
path = "action.yml"
sha256 = "99837bc6ede1f31e5e7d98e6e1a9f3105a8974d99f411086dc389f7fcf3f6a2e"

[[gate.input]]
path = "clippy.toml"
sha256 = "04c92e3dce7f76bb0340dfce281fe1eb2956cc5dcf1223b3b11bed683c946dd4"

[[gate.input]]
path = "clusters/apache-kafka/3.7.2/single-plaintext.toml"
sha256 = "39b034effd0d6644eb9dfe7a5eadedc2eacf325d9fb16a4b5e6cd0f7ab737647"

[[gate.input]]
path = "clusters/apache-kafka/3.8.1/single-plaintext.toml"
sha256 = "19f22020ea88cc35ca552496f23944905f84b074a022e15bf0745804f2aa3d68"

[[gate.input]]
path = "clusters/apache-kafka/3.9.2/single-plaintext.toml"
sha256 = "75caa4a62ba0652be58335d7ecaed4df6426b688b7903d753c97cd54f67082d8"

[[gate.input]]
path = "clusters/apache-kafka/4.0.2/single-plaintext.toml"
sha256 = "35cd6bf7628a0f1806582f7a9cab273065e8fa232e35242d7f4a3fc35e717106"

[[gate.input]]
path = "clusters/apache-kafka/4.1.2/single-plaintext.toml"
sha256 = "58c73cdd6fa65979c91363f605b55bf88a9d210444e9723c5bbc8a09ec393d85"

[[gate.input]]
path = "clusters/apache-kafka/4.2.1/single-plaintext.toml"
sha256 = "5e1bc878a4a831ec453c2f7c7e920974efaba79c594d1ec1ba58239754b4abf2"

[[gate.input]]
path = "clusters/apache-kafka/4.3.1/single-plaintext.toml"
sha256 = "728e4dd941c6c335717b0ac57f31262f1e9a0d9995ebda035c1d74f1f16dfe50"

[[gate.input]]
path = "clusters/apache-kafka/4.3.1/single-sasl-plain.toml"
sha256 = "2999940035f0462fe0e3b33e315b4923f935d0e1b9d9964aaa2b156fc40e5437"

[[gate.input]]
path = "clusters/apache-kafka/4.3.1/single-scram-sha-256.toml"
sha256 = "5417f1e6c5f2f5a60fb43ca22439f4f793ec33aa019e4f63fe4b3cd51938c5d5"

[[gate.input]]
path = "clusters/apache-kafka/4.3.1/single-scram-sha-512.toml"
sha256 = "4579ac211b88935d15ef60a25078eb0d228c4e443cf247dc70b2f4a9088ef104"

[[gate.input]]
path = "clusters/apache-kafka/4.3.1/single-tls.toml"
sha256 = "03274f40068a3b073d17a362b3ca522dcd4b3e01ef301f7c788902f4c9eb459d"

[[gate.input]]
path = "clusters/apache-kafka/4.3.1/three-plaintext.toml"
sha256 = "714288108b4e522993b9cea03a9db9157f20e2096d9ec68db2ef02f3ab421a54"

[[gate.input]]
path = "clusters/apache-kafka/4.3.1/three-sasl-plain.toml"
sha256 = "7895cfe534bb746083ff40305b4b9e07111c5985e846a10ea1cadb49b03094c9"

[[gate.input]]
path = "clusters/apache-kafka/4.3.1/three-scram-sha-256.toml"
sha256 = "f090fd39548d6229bb8e4c07f1bda73ab3c2d799e63c54f71cab3d17ae1be6a7"

[[gate.input]]
path = "clusters/apache-kafka/4.3.1/three-scram-sha-512.toml"
sha256 = "c1ed08e2fb7b48271172a1bee6af83547ee37de0918e7c5f774c3c3926ac21ac"

[[gate.input]]
path = "clusters/apache-kafka/4.3.1/three-tls.toml"
sha256 = "f74f683df7b4e307f93a6a653ee050bcbf4fae692dea9b6de964aa66c0637f48"

[[gate.input]]
path = "clusters/apache-kafka/compose/single-plaintext.yml"
sha256 = "92cd5ed118cdafc8321ad2940ec94d97207b066f804cc06e04ee45f267090e3b"

[[gate.input]]
path = "clusters/apache-kafka/compose/single-sasl.yml"
sha256 = "1089b9f54a7c9d0a0a87dc49c39f044c8da7d904d5a09cf384ea8ceefe8eb8c6"

[[gate.input]]
path = "clusters/apache-kafka/compose/single-share.yml"
sha256 = "ddd21ed4845cb4eb57f7286d0320b198f9f901d2d871b4044dde015bb99d5111"

[[gate.input]]
path = "clusters/apache-kafka/compose/single-tls.yml"
sha256 = "5a8f1f811954d5bea223500a7321d067c33280c490135084c259bf38b5c7ae9f"

[[gate.input]]
path = "clusters/apache-kafka/compose/three-plaintext.yml"
sha256 = "6b3941706694098206819e58755016d8a600f9046b3a635d8551b062a88384af"

[[gate.input]]
path = "clusters/apache-kafka/compose/three-sasl.yml"
sha256 = "7a3383458ad1ad1e16a1fe1440c90fb08d5e8995d25fb967b181631afa6eeb97"

[[gate.input]]
path = "clusters/apache-kafka/compose/three-share.yml"
sha256 = "d77cc5b8f97aa8f7c1dd96c183938512c9494d255a79d3478e4f96f7ea5eb5b7"

[[gate.input]]
path = "clusters/apache-kafka/compose/three-tls.yml"
sha256 = "deb403bcdfb303a7a9b161cbda659081da768159093cc07e141d80a143520372"

[[gate.input]]
path = "clusters/model-broker.toml"
sha256 = "dfeacca1210295d8f4304e982d3bee5a796dd27baa6d657b71f63819779b78b4"

[[gate.input]]
path = "contracts/conformance.toml"
sha256 = "9e597326556789d7c60ca6279123cb145722a8a42f94fc471a01ab6bb1d346e0"

[[gate.input]]
path = "packs/kafkars-classic.toml"
sha256 = "add5ef1a53d2efbcc9df7b6f4109ac43446cc96d1ad51a94f609c345f44d2a35"

[[gate.input]]
path = "packs/kafkars-pr.toml"
sha256 = "970b69ebcf5e1b011d029a441380872fea340936d95bfef94457fc89a41560aa"

[[gate.input]]
path = "packs/kafkars-release.toml"
sha256 = "73f1731d3928d93cd24f7805e330248b6ac36fcef8f6cc1111c2def700e2ffc0"

[[gate.input]]
path = "packs/kafkars-share-release.toml"
sha256 = "cf0cbc498362a788674b0e221745a88cc98ee8534ca77715a24666f392a0fb76"

[[gate.input]]
path = "packs/kafkars-three-broker-security.toml"
sha256 = "ca9762bed941ef04f128e6350d491edab107a152680e60c9c1bea43d41db5902"

[[gate.input]]
path = "packs/kafkars-three-broker-share.toml"
sha256 = "1bdc790b695ae28d50931e3f8ac497761b0a45f8c76cf92ab752fda54980c4a5"

[[gate.input]]
path = "packs/kafkars-three-broker.toml"
sha256 = "058c85d863d8d44a1b5946e81b11136e1c9d9f57440a687886b5d21efd2be2a7"

[[gate.input]]
path = "packs/repository-pr.toml"
sha256 = "3676bbfceb360dfa064ad63e3f9d95d714f825f2878e421699f13c9553eda62e"

[[gate.input]]
path = "qualifications/kafkars-pr.toml"
sha256 = "48b2b5261fedf39caacff045a8440ccfa9de198bec152b1be279aabb99168ba1"

[[gate.input]]
path = "qualifications/kafkars-release.toml"
sha256 = "38b5f9380824be669ee988b578dca9a570413f76531871ccbb6473e4ba363f1f"

[[gate.input]]
path = "qualifications/repository-pr.toml"
sha256 = "49db8f0e9256bdf9cd1beeee676c9829438e6f94f63d701a2f580cf0b354e798"

[[gate.input]]
path = "rust-toolchain.toml"
sha256 = "980c9752cb40dca3265ce4e3e31de1c369b469c9837be059b806ea93fe76799d"

[[gate.input]]
path = "scenarios/kafka/admin-create-partitions.toml"
sha256 = "43b17398c463105a07ba555e1bc49f3fff127dc38ba20725347888a156ead60a"

[[gate.input]]
path = "scenarios/kafka/admin-create-topic.toml"
sha256 = "4471e527dc2100939ae013648d570661e398b7243448e057af58469422e59277"

[[gate.input]]
path = "scenarios/kafka/admin-describe-topic.toml"
sha256 = "133cf14289683384eca5395b595c78e5d7c462154b33b6e57a1785af05ac508d"

[[gate.input]]
path = "scenarios/kafka/admin-list-consumer-group-offsets.toml"
sha256 = "1ac30238b7ee79edf5c75d72f0c727fdf1d559189c891c50f3fa42fb31dca818"

[[gate.input]]
path = "scenarios/kafka/admin-list-offsets.toml"
sha256 = "9948fb6ed7fc66117f0ef1150c06b4ea1ac99e0beab4f43ba529578f488c5dda"

[[gate.input]]
path = "scenarios/kafka/admin-list-topics.toml"
sha256 = "0fab2f08252c94c3bed244b5583eae021a24aee809ee8183fcefc6e27146c860"

[[gate.input]]
path = "scenarios/kafka/assigned-consumer-round-trip.toml"
sha256 = "bb355aefb0ae566ff804eb08d3a6e2987cb18f0fbc33f54b31bee786b289f7fb"

[[gate.input]]
path = "scenarios/kafka/classic-group-broker-restart.toml"
sha256 = "112ef5b60fe909bfcf858b9c2e183916b012fe5bfbc4a62d738d6bf9a12d00ee"

[[gate.input]]
path = "scenarios/kafka/classic-group-round-trip.toml"
sha256 = "56b8b416313b8071d91843b5fa592a7345ced274e7cfd2b836979826434282eb"

[[gate.input]]
path = "scenarios/kafka/consumer-protocol-group-round-trip.toml"
sha256 = "e9326a6fcdcaebba51936a560e349c07221bc29a7e6aa4e4a90a613e61016ebb"

[[gate.input]]
path = "scenarios/kafka/producer-batch.toml"
sha256 = "6febae06f48e8d668af0a25d73161c2605e162efa40fcb75a9d03227f1a40cfb"

[[gate.input]]
path = "scenarios/kafka/producer-broker-restart.toml"
sha256 = "17d4bb79891038e7181d1743b4b9fa281098231ee444eebbe40d4c9fceec3061"

[[gate.input]]
path = "scenarios/kafka/producer-partition-routing.toml"
sha256 = "41c70a321e4f9474ed1ed1cf7980885d8317a169f56613a54d9eaf2d853ac521"

[[gate.input]]
path = "scenarios/kafka/producer-rolling-restart.toml"
sha256 = "f500c38ffb99b2b3f9fb32c572c686061d8a70ba84e56f2f7f12515d96972fb2"

[[gate.input]]
path = "scenarios/kafka/producer-round-trip.toml"
sha256 = "bd0d4ae0d8cadd157b23cd1f8436d750802aec20565feb0157af6b133659aa1b"

[[gate.input]]
path = "scenarios/kafka/share-group-close-uncertainty.toml"
sha256 = "cf1cea442c6a9660b27608472f65e1e1b46abae37db9ce855d50f53ff036c6fc"

[[gate.input]]
path = "scenarios/kafka/share-group-leader-recovery.toml"
sha256 = "314480bb7cc1e868af64a0bdd2ef3b2292d0fc0fbf9e1f268be65952b9c6bfec"

[[gate.input]]
path = "scenarios/kafka/share-group-lifecycle.toml"
sha256 = "aab0cb7137a3e695320b350ab0e47f3820237cfc546b79314fac344dc43014d7"

[[gate.input]]
path = "scenarios/kafka/share-group-membership-ownership.toml"
sha256 = "5ab3b5cf4a30a20a73a7be5100abe4c90ade35a6e80534580a3fca4d6c0894d6"

[[gate.input]]
path = "scenarios/kafka/share-group-session-recovery.toml"
sha256 = "fd7777402400877e1d42ebcb28a0327251e1c475e6b96d1db90da5e6da353f27"

[[gate.input]]
path = "scenarios/kafka/transaction-commit-abort.toml"
sha256 = "54718972650463c285b0e9e3b0f8908747c175f46f632811ebcc0db47813ccf6"

[[gate.input]]
path = "scenarios/kafka/transaction-fencing.toml"
sha256 = "081df8d6d81d647e4887a6c33e8020f511c727a256f80ef82921681c62b47507"

[[gate.input]]
path = "scenarios/producer/definite-rejection.toml"
sha256 = "d828dab7766a789f5c89ccd331ce63e072dc8b4cb3f6c891e2b497216f690bcd"

[[gate.input]]
path = "scenarios/producer/lost-response.toml"
sha256 = "85004b06154380e9388537fac78f0f709bd243c92f956da67285127a433cae13"

[[gate.input]]
path = "scenarios/producer/round-trip.toml"
sha256 = "7bc60ebde717f0821c1aa43a6cb82c5a6b6c3c9833ddd4efa8ab1f4fb48a26ca"

[[gate.input]]
path = "scripts/check-rust-lint"
sha256 = "f2c346453ef594f75581e3f141408ddbf8e6be6dfcaf73e2e6f36e127eeefc06"

[[gate.input]]
path = "scripts/check-rust-test"
sha256 = "b1ac52525fab2dd91c7d2250102e8193c0590f486fb39bacbe0adc4b6f23077b"

[[gate.input]]
path = "scripts/check-scenarios"
sha256 = "09440d6ce0e3b073f26db9eac1e7625e0169288ebb5e66e7ffc7e29702db4977"

[[gate.input]]
path = "scripts/portable-environment"
sha256 = "272d53c89045c5ffe977a4cc9fe47cce957ef09a6e607cafacd0e6bd836bd7f0"

[[gate.input]]
path = "scripts/qualify-kafkars-candidate"
sha256 = "c08fd9cafcef5911673a1ebad49e3561f6b3a04261a4f94c06df62f1e04bfe97"

[[gate.input]]
path = "scripts/run-kafkars-qualification"
sha256 = "2ae6e7f210fe78f16ef123c10d797b6f1d71e0f2f61103c04d63f3e5d96787c6"

[[gate.input]]
path = "scripts/run-kafkars-release-qualification"
sha256 = "f0be00687c197de8a68ea14f44c4f852b952ff77ea20bd08aa5c836dd7f2990f"

[[gate.input]]
path = "scripts/run-reference-pack"
sha256 = "a6c9aa3efcd14d3db66233ad3b50b3bedb48cd8d943d1532d0c6de0d65369919"

[[gate.input]]
path = "scripts/run-reference-qualification"
sha256 = "d0ff3b717c9a449f60ee983ddf89a9a0a7cfe28e4c616641b58dea906215691f"

[[gate.input]]
path = "subjects/kafkars-rust.toml"
sha256 = "a9a15e46ea0d3b0e47f5ade9f9bc7df91add110723789ef215b5f46133de560b"

[[gate.input]]
path = "subjects/reference-rust.toml"
sha256 = "259691f32857de58a63ed46ff9c0ffc3318e6e1e165d7615d17b2fe50cf73db2"
